// !$*UTF8*$!
{
	archiveVersion = 1;
	classes = {
	};
	objectVersion = 50;
	objects = {

/* Begin PBXBuildFile section */
		0F1B446324398F0900148B21 /* AppDelegate.swift in Sources */ = {isa = PBXBuildFile; fileRef = 0F1B446224398F0900148B21 /* AppDelegate.swift */; };
		0F1B446524398F0900148B21 /* SceneDelegate.swift in Sources */ = {isa = PBXBuildFile; fileRef = 0F1B446424398F0900148B21 /* SceneDelegate.swift */; };
		0F1B446724398F0900148B21 /* ViewController.swift in Sources */ = {isa = PBXBuildFile; fileRef = 0F1B446624398F0900148B21 /* ViewController.swift */; };
		0F1B446A24398F0900148B21 /* Main.storyboard in Resources */ = {isa = PBXBuildFile; fileRef = 0F1B446824398F0900148B21 /* Main.storyboard */; };
		0F1B446C24398F0A00148B21 /* Assets.xcassets in Resources */ = {isa = PBXBuildFile; fileRef = 0F1B446B24398F0A00148B21 /* Assets.xcassets */; };
		0F1B446F24398F0A00148B21 /* LaunchScreen.storyboard in Resources */ = {isa = PBXBuildFile; fileRef = 0F1B446D24398F0A00148B21 /* LaunchScreen.storyboard */; };
		0F1B4477243990C900148B21 /* 0.storyboard in Resources */ = {isa = PBXBuildFile; fileRef = 0F1B4476243990C900148B21 /* 0.storyboard */; };
		0F1B4479243992C800148B21 /* 1.storyboard in Resources */ = {isa = PBXBuildFile; fileRef = 0F1B4478243992C800148B21 /* 1.storyboard */; };
		0F1B447B243993FD00148B21 /* 2.storyboard in Resources */ = {isa = PBXBuildFile; fileRef = 0F1B447A243993FD00148B21 /* 2.storyboard */; };
		0F1B447D243994F100148B21 /* 3.storyboard in Resources */ = {isa = PBXBuildFile; fileRef = 0F1B447C243994F100148B21 /* 3.storyboard */; };
		0F1B447F2439956100148B21 /* 4.storyboard in Resources */ = {isa = PBXBuildFile; fileRef = 0F1B447E2439956100148B21 /* 4.storyboard */; };
		0F1B4481243995FA00148B21 /* 5.storyboard in Resources */ = {isa = PBXBuildFile; fileRef = 0F1B4480243995FA00148B21 /* 5.storyboard */; };
		0F1B4483243998F700148B21 /* 6.storyboard in Resources */ = {isa = PBXBuildFile; fileRef = 0F1B4482243998F700148B21 /* 6.storyboard */; };
		0F1B448524399A0900148B21 /* 7.storyboard in Resources */ = {isa = PBXBuildFile; fileRef = 0F1B448424399A0900148B21 /* 7.storyboard */; };
/* End PBXBuildFile section */

/* Begin PBXFileReference section */
		0F1B445F24398F0900148B21 /* projectDesign.app */ = {isa = PBXFileReference; explicitFileType = wrapper.application; includeInIndex = 0; path = projectDesign.app; sourceTree = BUILT_PRODUCTS_DIR; };
		0F1B446224398F0900148B21 /* AppDelegate.swift */ = {isa = PBXFileReference; lastKnownFileType = sourcecode.swift; path = AppDelegate.swift; sourceTree = "<group>"; };
		0F1B446424398F0900148B21 /* SceneDelegate.swift */ = {isa = PBXFileReference; lastKnownFileType = sourcecode.swift; path = SceneDelegate.swift; sourceTree = "<group>"; };
		0F1B446624398F0900148B21 /* ViewController.swift */ = {isa = PBXFileReference; lastKnownFileType = sourcecode.swift; path = ViewController.swift; sourceTree = "<group>"; };
		0F1B446924398F0900148B21 /* Base */ = {isa = PBXFileReference; lastKnownFileType = file.storyboard; name = Base; path = Base.lproj/Main.storyboard; sourceTree = "<group>"; };
		0F1B446B24398F0A00148B21 /* Assets.xcassets */ = {isa = PBXFileReference; lastKnownFileType = folder.assetcatalog; path = Assets.xcassets; sourceTree = "<group>"; };
		0F1B446E24398F0A00148B21 /* Base */ = {isa = PBXFileReference; lastKnownFileType = file.storyboard; name = Base; path = Base.lproj/LaunchScreen.storyboard; sourceTree = "<group>"; };
		0F1B447024398F0A00148B21 /* Info.plist */ = {isa = PBXFileReference; lastKnownFileType = text.plist.xml; path = Info.plist; sourceTree = "<group>"; };
		0F1B4476243990C900148B21 /* 0.storyboard */ = {isa = PBXFileReference; lastKnownFileType = file.storyboard; path = 0.storyboard; sourceTree = "<group>"; };
		0F1B4478243992C800148B21 /* 1.storyboard */ = {isa = PBXFileReference; lastKnownFileType = file.storyboard; path = 1.storyboard; sourceTree = "<group>"; };
		0F1B447A243993FD00148B21 /* 2.storyboard */ = {isa = PBXFileReference; lastKnownFileType = file.storyboard; path = 2.storyboard; sourceTree = "<group>"; };
		0F1B447C243994F100148B21 /* 3.storyboard */ = {isa = PBXFileReference; lastKnownFileType = file.storyboard; path = 3.storyboard; sourceTree = "<group>"; };
		0F1B447E2439956100148B21 /* 4.storyboard */ = {isa = PBXFileReference; lastKnownFileType = file.storyboard; path = 4.storyboard; sourceTree = "<group>"; };
		0F1B4480243995FA00148B21 /* 5.storyboard */ = {isa = PBXFileReference; lastKnownFileType = file.storyboard; path = 5.storyboard; sourceTree = "<group>"; };
		0F1B4482243998F700148B21 /* 6.storyboard */ = {isa = PBXFileReference; lastKnownFileType = file.storyboard; path = 6.storyboard; sourceTree = "<group>"; };
		0F1B448424399A0900148B21 /* 7.storyboard */ = {isa = PBXFileReference; lastKnownFileType = file.storyboard; path = 7.storyboard; sourceTree = "<group>"; };
/* End PBXFileReference section */

/* Begin PBXFrameworksBuildPhase section */
		0F1B445C24398F0900148B21 /* Frameworks */ = {
			isa = PBXFrameworksBuildPhase;
			buildActionMask = 2147483647;
			files = (
			);
			runOnlyForDeploymentPostprocessing = 0;
		};
/* End PBXFrameworksBuildPhase section */

/* Begin PBXGroup section */
		0F1B445624398F0900148B21 = {
			isa = PBXGroup;
			children = (
				0F1B446124398F0900148B21 /* projectDesign */,
				0F1B446024398F0900148B21 /* Products */,
			);
			sourceTree = "<group>";
		};
		0F1B446024398F0900148B21 /* Products */ = {
			isa = PBXGroup;
			children = (
				0F1B445F24398F0900148B21 /* projectDesign.app */,
			);
			name = Products;
			sourceTree = "<group>";
		};
		0F1B446124398F0900148B21 /* projectDesign */ = {
			isa = PBXGroup;
			children = (
				0F1B446224398F0900148B21 /* AppDelegate.swift */,
				0F1B446424398F0900148B21 /* SceneDelegate.swift */,
				0F1B446624398F0900148B21 /* ViewController.swift */,
				0F1B446824398F0900148B21 /* Main.storyboard */,
				0F1B4476243990C900148B21 /* 0.storyboard */,
				0F1B4478243992C800148B21 /* 1.storyboard */,
				0F1B447A243993FD00148B21 /* 2.storyboard */,
				0F1B447C243994F100148B21 /* 3.storyboard */,
				0F1B447E2439956100148B21 /* 4.storyboard */,
				0F1B4480243995FA00148B21 /* 5.storyboard */,
				0F1B4482243998F700148B21 /* 6.storyboard */,
				0F1B448424399A0900148B21 /* 7.storyboard */,
				0F1B446B24398F0A00148B21 /* Assets.xcassets */,
				0F1B446D24398F0A00148B21 /* LaunchScreen.storyboard */,
				0F1B447024398F0A00148B21 /* Info.plist */,
			);
			path = projectDesign;
			sourceTree = "<group>";
		};
/* End PBXGroup section */

/* Begin PBXNativeTarget section */
		0F1B445E24398F0900148B21 /* projectDesign */ = {
			isa = PBXNativeTarget;
			buildConfigurationList = 0F1B447324398F0A00148B21 /* Build configuration list for PBXNativeTarget "projectDesign" */;
			buildPhases = (
				0F1B445B24398F0900148B21 /* Sources */,
				0F1B445C24398F0900148B21 /* Frameworks */,
				0F1B445D24398F0900148B21 /* Resources */,
			);
			buildRules = (
			);
			dependencies = (
			);
			name = projectDesign;
			productName = projectDesign;
			productReference = 0F1B445F24398F0900148B21 /* projectDesign.app */;
			productType = "com.apple.product-type.application";
		};
/* End PBXNativeTarget section */

/* Begin PBXProject section */
		0F1B445724398F0900148B21 /* Project object */ = {
			isa = PBXProject;
			attributes = {
				LastSwiftUpdateCheck = 1140;
				LastUpgradeCheck = 1140;
				ORGANIZATIONNAME = "Tecnologico de Monterrey";
				TargetAttributes = {
					0F1B445E24398F0900148B21 = {
						CreatedOnToolsVersion = 11.4;
					};
				};
			};
			buildConfigurationList = 0F1B445A24398F0900148B21 /* Build configuration list for PBXProject "projectDesign" */;
			compatibilityVersion = "Xcode 9.3";
			developmentRegion = en;
			hasScannedForEncodings = 0;
			knownRegions = (
				en,
				Base,
			);
			mainGroup = 0F1B445624398F0900148B21;
			productRefGroup = 0F1B446024398F0900148B21 /* Products */;
			projectDirPath = "";
			projectRoot = "";
			targets = (
				0F1B445E24398F0900148B21 /* projectDesign */,
			);
		};
/* End PBXProject section */

/* Begin PBXResourcesBuildPhase section */
		0F1B445D24398F0900148B21 /* Resources */ = {
			isa = PBXResourcesBuildPhase;
			buildActionMask = 2147483647;
			files = (
				0F1B448524399A0900148B21 /* 7.storyboard in Resources */,
				0F1B4479243992C800148B21 /* 1.storyboard in Resources */,
				0F1B447D243994F100148B21 /* 3.storyboard in Resources */,
				0F1B446F24398F0A00148B21 /* LaunchScreen.storyboard in Resources */,
				0F1B4483243998F700148B21 /* 6.storyboard in Resources */,
				0F1B4477243990C900148B21 /* 0.storyboard in Resources */,
				0F1B446C24398F0A00148B21 /* Assets.xcassets in Resources */,
				0F1B446A24398F0900148B21 /* Main.storyboard in Resources */,
				0F1B447B243993FD00148B21 /* 2.storyboard in Resources */,
				0F1B4481243995FA00148B21 /* 5.storyboard in Resources */,
				0F1B447F2439956100148B21 /* 4.storyboard in Resources */,
			);
			runOnlyForDeploymentPostprocessing = 0;
		};
/* End PBXResourcesBuildPhase section */

/* Begin PBXSourcesBuildPhase section */
		0F1B445B24398F0900148B21 /* Sources */ = {
			isa = PBXSourcesBuildPhase;
			buildActionMask = 2147483647;
			files = (
				0F1B446724398F0900148B21 /* ViewController.swift in Sources */,
				0F1B446324398F0900148B21 /* AppDelegate.swift in Sources */,
				0F1B446524398F0900148B21 /* SceneDelegate.swift in Sources */,
			);
			runOnlyForDeploymentPostprocessing = 0;
		};
/* End PBXSourcesBuildPhase section */

/* Begin PBXVariantGroup section */
		0F1B446824398F0900148B21 /* Main.storyboard */ = {
			isa = PBXVariantGroup;
			children = (
				0F1B446924398F0900148B21 /* Base */,
			);
			name = Main.storyboard;
			sourceTree = "<group>";
		};
		0F1B446D24398F0A00148B21 /* LaunchScreen.storyboard */ = {
			isa = PBXVariantGroup;
			children = (
				0F1B446E24398F0A00148B21 /* Base */,
			);
			name = LaunchScreen.storyboard;
			sourceTree = "<group>";
		};
/* End PBXVariantGroup section */

/* Begin XCBuildConfiguration section */
		0F1B447124398F0A00148B21 /* Debug */ = {
			isa = XCBuildConfiguration;
			buildSettings = {
				ALWAYS_SEARCH_USER_PATHS = NO;
				CLANG_ANALYZER_NONNULL = YES;
				CLANG_ANALYZER_NUMBER_OBJECT_CONVERSION = YES_AGGRESSIVE;
				CLANG_CXX_LANGUAGE_STANDARD = "gnu++14";
				CLANG_CXX_LIBRARY = "libc++";
				CLANG_ENABLE_MODULES = YES;
				CLANG_ENABLE_OBJC_ARC = YES;
				CLANG_ENABLE_OBJC_WEAK = YES;
				CLANG_WARN_BLOCK_CAPTURE_AUTORELEASING = YES;
				CLANG_WARN_BOOL_CONVERSION = YES;
				CLANG_WARN_COMMA = YES;
				CLANG_WARN_CONSTANT_CONVERSION = YES;
				CLANG_WARN_DEPRECATED_OBJC_IMPLEMENTATIONS = YES;
				CLANG_WARN_DIRECT_OBJC_ISA_USAGE = YES_ERROR;
				CLANG_WARN_DOCUMENTATION_COMMENTS = YES;
				CLANG_WARN_EMPTY_BODY = YES;
				CLANG_WARN_ENUM_CONVERSION = YES;
				CLANG_WARN_INFINITE_RECURSION = YES;
				CLANG_WARN_INT_CONVERSION = YES;
				CLANG_WARN_NON_LITERAL_NULL_CONVERSION = YES;
				CLANG_WARN_OBJC_IMPLICIT_RETAIN_SELF = YES;
				CLANG_WARN_OBJC_LITERAL_CONVERSION = YES;
				CLANG_WARN_OBJC_ROOT_CLASS = YES_ERROR;
				CLANG_WARN_RANGE_LOOP_ANALYSIS = YES;
				CLANG_WARN_STRICT_PROTOTYPES = YES;
				CLANG_WARN_SUSPICIOUS_MOVE = YES;
				CLANG_WARN_UNGUARDED_AVAILABILITY = YES_AGGRESSIVE;
				CLANG_WARN_UNREACHABLE_CODE = YES;
				CLANG_WARN__DUPLICATE_METHOD_MATCH = YES;
				COPY_PHASE_STRIP = NO;
				DEBUG_INFORMATION_FORMAT = dwarf;
				ENABLE_STRICT_OBJC_MSGSEND = YES;
				ENABLE_TESTABILITY = YES;
				GCC_C_LANGUAGE_STANDARD = gnu11;
				GCC_DYNAMIC_NO_PIC = NO;
				GCC_NO_COMMON_BLOCKS = YES;
				GCC_OPTIMIZATION_LEVEL = 0;
				GCC_PREPROCESSOR_DEFINITIONS = (
					"DEBUG=1",
					"$(inherited)",
				);
				GCC_WARN_64_TO_32_BIT_CONVERSION = YES;
				GCC_WARN_ABOUT_RETURN_TYPE = YES_ERROR;
				GCC_WARN_UNDECLARED_SELECTOR = YES;
				GCC_WARN_UNINITIALIZED_AUTOS = YES_AGGRESSIVE;
				GCC_WARN_UNUSED_FUNCTION = YES;
				GCC_WARN_UNUSED_VARIABLE = YES;
				IPHONEOS_DEPLOYMENT_TARGET = 13.4;
				MTL_ENABLE_DEBUG_INFO = INCLUDE_SOURCE;
				MTL_FAST_MATH = YES;
				ONLY_ACTIVE_ARCH = YES;
				SDKROOT = iphoneos;
				SWIFT_ACTIVE_COMPILATION_CONDITIONS = DEBUG;
				SWIFT_OPTIMIZATION_LEVEL = "-Onone";
			};
			name = Debug;
		};
		0F1B447224398F0A00148B21 /* Release */ = {
			isa = XCBuildConfiguration;
			buildSettings = {
				ALWAYS_SEARCH_USER_PATHS = NO;
				CLANG_ANALYZER_NONNULL = YES;
				CLANG_ANALYZER_NUMBER_OBJECT_CONVERSION = YES_AGGRESSIVE;
				CLANG_CXX_LANGUAGE_STANDARD = "gnu++14";
				CLANG_CXX_LIBRARY = "libc++";
				CLANG_ENABLE_MODULES = YES;
				CLANG_ENABLE_OBJC_ARC = YES;
				CLANG_ENABLE_OBJC_WEAK = YES;
				CLANG_WARN_BLOCK_CAPTURE_AUTORELEASING = YES;
				CLANG_WARN_BOOL_CONVERSION = YES;
				CLANG_WARN_COMMA = YES;
				CLANG_WARN_CONSTANT_CONVERSION = YES;
				CLANG_WARN_DEPRECATED_OBJC_IMPLEMENTATIONS = YES;
				CLANG_WARN_DIRECT_OBJC_ISA_USAGE = YES_ERROR;
				CLANG_WARN_DOCUMENTATION_COMMENTS = YES;
				CLANG_WARN_EMPTY_BODY = YES;
				CLANG_WARN_ENUM_CONVERSION = YES;
				CLANG_WARN_INFINITE_RECURSION = YES;
				CLANG_WARN_INT_CONVERSION = YES;
				CLANG_WARN_NON_LITERAL_NULL_CONVERSION = YES;
				CLANG_WARN_OBJC_IMPLICIT_RETAIN_SELF = YES;
				CLANG_WARN_OBJC_LITERAL_CONVERSION = YES;
				CLANG_WARN_OBJC_ROOT_CLASS = YES_ERROR;
				CLANG_WARN_RANGE_LOOP_ANALYSIS = YES;
				CLANG_WARN_STRICT_PROTOTYPES = YES;
				CLANG_WARN_SUSPICIOUS_MOVE = YES;
				CLANG_WARN_UNGUARDED_AVAILABILITY = YES_AGGRESSIVE;
				CLANG_WARN_UNREACHABLE_CODE = YES;
				CLANG_WARN__DUPLICATE_METHOD_MATCH = YES;
				COPY_PHASE_STRIP = NO;
				DEBUG_INFORMATION_FORMAT = "dwarf-with-dsym";
				ENABLE_NS_ASSERTIONS = NO;
				ENABLE_STRICT_OBJC_MSGSEND = YES;
				GCC_C_LANGUAGE_STANDARD = gnu11;
				GCC_NO_COMMON_BLOCKS = YES;
				GCC_WARN_64_TO_32_BIT_CONVERSION = YES;
				GCC_WARN_ABOUT_RETURN_TYPE = YES_ERROR;
				GCC_WARN_UNDECLARED_SELECTOR = YES;
				GCC_WARN_UNINITIALIZED_AUTOS = YES_AGGRESSIVE;
				GCC_WARN_UNUSED_FUNCTION = YES;
				GCC_WARN_UNUSED_VARIABLE = YES;
				IPHONEOS_DEPLOYMENT_TARGET = 13.4;
				MTL_ENABLE_DEBUG_INFO = NO;
				MTL_FAST_MATH = YES;
				SDKROOT = iphoneos;
				SWIFT_COMPILATION_MODE = wholemodule;
				SWIFT_OPTIMIZATION_LEVEL = "-O";
				VALIDATE_PRODUCT = YES;
			};
			name = Release;
		};
		0F1B447424398F0A00148B21 /* Debug */ = {
			isa = XCBuildConfiguration;
			buildSettings = {
				ASSETCATALOG_COMPILER_APPICON_NAME = AppIcon;
				CODE_SIGN_STYLE = Automatic;
				INFOPLIST_FILE = projectDesign/Info.plist;
				LD_RUNPATH_SEARCH_PATHS = (
					"$(inherited)",
					"@executable_path/Frameworks",
				);
				PRODUCT_BUNDLE_IDENTIFIER = itesm.projectDesign;
				PRODUCT_NAME = "$(TARGET_NAME)";
				SWIFT_VERSION = 5.0;
				TARGETED_DEVICE_FAMILY = "1,2";
			};
			name = Debug;
		};
		0F1B447524398F0A00148B21 /* Release */ = {
			isa = XCBuildConfiguration;
			buildSettings = {
				ASSETCATALOG_COMPILER_APPICON_NAME = AppIcon;
				CODE_SIGN_STYLE = Automatic;
				INFOPLIST_FILE = projectDesign/Info.plist;
				LD_RUNPATH_SEARCH_PATHS = (
					"$(inherited)",
					"@executable_path/Frameworks",
				);
				PRODUCT_BUNDLE_IDENTIFIER = itesm.projectDesign;
				PRODUCT_NAME = "$(TARGET_NAME)";
				SWIFT_VERSION = 5.0;
				TARGETED_DEVICE_FAMILY = "1,2";
			};
			name = Release;
		};
/* End XCBuildConfiguration section */

/* Begin XCConfigurationList section */
		0F1B445A24398F0900148B21 /* Build configuration list for PBXProject "projectDesign" */ = {
			isa = XCConfigurationList;
			buildConfigurations = (
				0F1B447124398F0A00148B21 /* Debug */,
				0F1B447224398F0A00148B21 /* Release */,
			);
			defaultConfigurationIsVisible = 0;
			defaultConfigurationName = Release;
		};
		0F1B447324398F0A00148B21 /* Build configuration list for PBXNativeTarget "projectDesign" */ = {
			isa = XCConfigurationList;
			buildConfigurations = (
				0F1B447424398F0A00148B21 /* Debug */,
				0F1B447524398F0A00148B21 /* Release */,
			);
			defaultConfigurationIsVisible = 0;
			defaultConfigurationName = Release;
		};
/* End XCConfigurationList section */
	};
	rootObject = 0F1B445724398F0900148B21 /* Project object */;
}
